github.com/13rac1/goldmark-meta v1.0.1-0.20201214084408-d2487db1f3f5 h1:mGs3zaTiNwPYyUpHfSdv2SOzQBXWHQNws7FtHrgeyrI=
github.com/13rac1/goldmark-meta v1.0.1-0.20201214084408-d2487db1f3f5/go.mod h1:zsNNOrZ4nLuyHAJeLQEZcQat8dm70SmB2kHbls092Gc=
github.com/mattn/go-runewidth v0.0.9 h1:Lm995f3rfxdpd6TSmuVCHVb/QhupuXlYr8sCI/QdE+0=
github.com/mattn/go-runewidth v0.0.9/go.mod h1:H031xJmbD/WCDINGzjvQ9THkh0rPKHF+m2gUSrubnMI=
github.com/pkg/errors v0.9.1 h1:FEBLx1zS214owpjy7qsBeixbURkuhQAwrK5UwLGTwt4=
github.com/pkg/errors v0.9.1/go.mod h1:bwawxfHBFNV+L2hUp1rHADufV3IMtnDRdf1r5NINEl0=
github.com/yuin/goldmark v1.2.1/go.mod h1:3hX8gzYuyVAZsxl0MRgGTJEmQBFcNTphYh9decYSb74=
github.com/yuin/goldmark v1.3.1 h1:eVwehsLsZlCJCwXyGLgg+Q4iFWE/eTIMG0e8waCmm/I=
github.com/yuin/goldmark v1.3.1/go.mod h1:mwnBkeHKe2W/ZEtQ+71ViKU8L12m81fl3OWwC1Zlc8k=
github.com/yuin/goldmark-meta v1.0.0 h1:ScsatUIT2gFS6azqzLGUjgOnELsBOxMXerM3ogdJhAM=
github.com/yuin/goldmark-meta v1.0.0/go.mod h1:zsNNOrZ4nLuyHAJeLQEZcQat8dm70SmB2kHbls092Gc=
gopkg.in/check.v1 v0.0.0-20161208181325-20d25e280405/go.mod h1:Co6ibVJAznAaIkqp8huTwlJQCZ016jof/cbN4VW5Yz0=
gopkg.in/yaml.v2 v2.3.0 h1:clyUAQHOM3G0M3f5vQj7LuJrETvjVot3Z5el9nffUtU=
gopkg.in/yaml.v2 v2.3.0/go.mod h1:hI93XBmqTisBFMUTm0b8Fm+jr3Dg1NNxqwp+5A1VGuI=
